
Microsoft Visual Studio Solution File, Format Version 12.00
# Visual Studio Version 17
VisualStudioVersion = 17.5.002.0
MinimumVisualStudioVersion = 10.0.40219.1
Project("{9A19103F-16F7-4668-BE54-9A1E7A4F7556}") = "day6", "day6.csproj", "{633123FF-D270-44DE-A20D-B84CB0B0FF48}"
EndProject
Global
	GlobalSection(SolutionConfigurationPlatforms) = preSolution
		Debug|Any CPU = Debug|Any CPU
		Release|Any CPU = Release|Any CPU
	EndGlobalSection
	GlobalSection(ProjectConfigurationPlatforms) = postSolution
		{633123FF-D270-44DE-A20D-B84CB0B0FF48}.Debug|Any CPU.ActiveCfg = Debug|Any CPU
		{633123FF-D270-44DE-A20D-B84CB0B0FF48}.Debug|Any CPU.Build.0 = Debug|Any CPU
		{633123FF-D270-44DE-A20D-B84CB0B0FF48}.Release|Any CPU.ActiveCfg = Release|Any CPU
		{633123FF-D270-44DE-A20D-B84CB0B0FF48}.Release|Any CPU.Build.0 = Release|Any CPU
	EndGlobalSection
	GlobalSection(SolutionProperties) = preSolution
		HideSolutionNode = FALSE
	EndGlobalSection
	GlobalSection(ExtensibilityGlobals) = postSolution
		SolutionGuid = {CAA3FD9C-6B5D-4213-A4A4-402ECD036C0F}
	EndGlobalSection
EndGlobal
